
Microsoft Visual Studio Solution File, Format Version 12.00
# Visual Studio Version 17
VisualStudioVersion = 17.0.31903.59
MinimumVisualStudioVersion = 10.0.40219.1
Project("{FAE04EC0-301F-11D3-BF4B-00C04F79EFBC}") = "Kolekcije", "Kolekcije.csproj", "{DBEF6510-B9F4-41B0-A47B-7500A4F72120}"
EndProject
Global
	GlobalSection(SolutionConfigurationPlatforms) = preSolution
		Debug|Any CPU = Debug|Any CPU
		Release|Any CPU = Release|Any CPU
	EndGlobalSection
	GlobalSection(ProjectConfigurationPlatforms) = postSolution
		{DBEF6510-B9F4-41B0-A47B-7500A4F72120}.Debug|Any CPU.ActiveCfg = Debug|Any CPU
		{DBEF6510-B9F4-41B0-A47B-7500A4F72120}.Debug|Any CPU.Build.0 = Debug|Any CPU
		{DBEF6510-B9F4-41B0-A47B-7500A4F72120}.Release|Any CPU.ActiveCfg = Release|Any CPU
		{DBEF6510-B9F4-41B0-A47B-7500A4F72120}.Release|Any CPU.Build.0 = Release|Any CPU
	EndGlobalSection
	GlobalSection(SolutionProperties) = preSolution
		HideSolutionNode = FALSE
	EndGlobalSection
	GlobalSection(ExtensibilityGlobals) = postSolution
		SolutionGuid = {14F84816-0812-4715-9326-8DE58EBC2ACA}
	EndGlobalSection
EndGlobal
